
Microsoft Visual Studio Solution File, Format Version 12.00
# Visual Studio 14
VisualStudioVersion = 14.0.25123.0
MinimumVisualStudioVersion = 10.0.40219.1
Project("{FAE04EC0-301F-11D3-BF4B-00C04F79EFBC}") = "TestItemsControl", "TestItemsControl\TestItemsControl.csproj", "{FFE53F76-B47A-4067-B130-0C76CAA37190}"
EndProject
Project("{FAE04EC0-301F-11D3-BF4B-00C04F79EFBC}") = "CB.Model.Common", "..\..\..\Libraries\DotNet\CB.Model\CB.Model.Common\CB.Model.Common.csproj", "{33A5DF99-1312-4023-A6EF-EABB9848F5A6}"
EndProject
Project("{FAE04EC0-301F-11D3-BF4B-00C04F79EFBC}") = "TestDevExpressWpf", "TestDevExpressWpf\TestDevExpressWpf.csproj", "{FA4CCDDC-227D-406A-B416-DC0C1456D32A}"
EndProject
Project("{FAE04EC0-301F-11D3-BF4B-00C04F79EFBC}") = "TestXceedWpf", "TestXceedWpf\TestXceedWpf.csproj", "{4362BE0F-CF69-49CF-B7CC-23FAAD94DF76}"
EndProject
Project("{FAE04EC0-301F-11D3-BF4B-00C04F79EFBC}") = "CB.Model.Prism", "..\..\..\Libraries\DotNet\CB.Model\CB.Model.Prism\CB.Model.Prism.csproj", "{6A52CAE9-6F3E-4A20-96EB-0E6116A6709C}"
EndProject
Project("{FAE04EC0-301F-11D3-BF4B-00C04F79EFBC}") = "Test.CB.Prism.Interactivity", "..\..\..\Libraries\DotNet\CB.Prism\Test.CB.Prism.Interactivity\Test.CB.Prism.Interactivity.csproj", "{FE09C87C-1071-4C27-86DF-3E167AB20D6C}"
EndProject
Project("{FAE04EC0-301F-11D3-BF4B-00C04F79EFBC}") = "CB.WPF.Resources.MahApps", "..\..\..\Libraries\DotNet\CB.WPF\CB.WPF.Resources.MahApps\CB.WPF.Resources.MahApps.csproj", "{88845A0D-9B1F-4D1A-92D3-0C8D97E4D747}"
EndProject
Project("{FAE04EC0-301F-11D3-BF4B-00C04F79EFBC}") = "CB.WPF.Test", "..\..\..\Libraries\DotNet\CB.WPF\CB.WPF.Test\CB.WPF.Test.csproj", "{B1E46368-347B-4787-B663-2E1BDEDAD749}"
EndProject
Global
	GlobalSection(SolutionConfigurationPlatforms) = preSolution
		Debug|Any CPU = Debug|Any CPU
		Release|Any CPU = Release|Any CPU
	EndGlobalSection
	GlobalSection(ProjectConfigurationPlatforms) = postSolution
		{FFE53F76-B47A-4067-B130-0C76CAA37190}.Debug|Any CPU.ActiveCfg = Debug|Any CPU
		{FFE53F76-B47A-4067-B130-0C76CAA37190}.Debug|Any CPU.Build.0 = Debug|Any CPU
		{FFE53F76-B47A-4067-B130-0C76CAA37190}.Release|Any CPU.ActiveCfg = Release|Any CPU
		{FFE53F76-B47A-4067-B130-0C76CAA37190}.Release|Any CPU.Build.0 = Release|Any CPU
		{33A5DF99-1312-4023-A6EF-EABB9848F5A6}.Debug|Any CPU.ActiveCfg = Debug|Any CPU
		{33A5DF99-1312-4023-A6EF-EABB9848F5A6}.Debug|Any CPU.Build.0 = Debug|Any CPU
		{33A5DF99-1312-4023-A6EF-EABB9848F5A6}.Release|Any CPU.ActiveCfg = Release|Any CPU
		{33A5DF99-1312-4023-A6EF-EABB9848F5A6}.Release|Any CPU.Build.0 = Release|Any CPU
		{FA4CCDDC-227D-406A-B416-DC0C1456D32A}.Debug|Any CPU.ActiveCfg = Debug|Any CPU
		{FA4CCDDC-227D-406A-B416-DC0C1456D32A}.Debug|Any CPU.Build.0 = Debug|Any CPU
		{FA4CCDDC-227D-406A-B416-DC0C1456D32A}.Release|Any CPU.ActiveCfg = Release|Any CPU
		{FA4CCDDC-227D-406A-B416-DC0C1456D32A}.Release|Any CPU.Build.0 = Release|Any CPU
		{4362BE0F-CF69-49CF-B7CC-23FAAD94DF76}.Debug|Any CPU.ActiveCfg = Debug|Any CPU
		{4362BE0F-CF69-49CF-B7CC-23FAAD94DF76}.Debug|Any CPU.Build.0 = Debug|Any CPU
		{4362BE0F-CF69-49CF-B7CC-23FAAD94DF76}.Release|Any CPU.ActiveCfg = Release|Any CPU
		{4362BE0F-CF69-49CF-B7CC-23FAAD94DF76}.Release|Any CPU.Build.0 = Release|Any CPU
		{6A52CAE9-6F3E-4A20-96EB-0E6116A6709C}.Debug|Any CPU.ActiveCfg = Debug|Any CPU
		{6A52CAE9-6F3E-4A20-96EB-0E6116A6709C}.Debug|Any CPU.Build.0 = Debug|Any CPU
		{6A52CAE9-6F3E-4A20-96EB-0E6116A6709C}.Release|Any CPU.ActiveCfg = Release|Any CPU
		{6A52CAE9-6F3E-4A20-96EB-0E6116A6709C}.Release|Any CPU.Build.0 = Release|Any CPU
		{FE09C87C-1071-4C27-86DF-3E167AB20D6C}.Debug|Any CPU.ActiveCfg = Debug|Any CPU
		{FE09C87C-1071-4C27-86DF-3E167AB20D6C}.Debug|Any CPU.Build.0 = Debug|Any CPU
		{FE09C87C-1071-4C27-86DF-3E167AB20D6C}.Release|Any CPU.ActiveCfg = Release|Any CPU
		{FE09C87C-1071-4C27-86DF-3E167AB20D6C}.Release|Any CPU.Build.0 = Release|Any CPU
		{88845A0D-9B1F-4D1A-92D3-0C8D97E4D747}.Debug|Any CPU.ActiveCfg = Debug|Any CPU
		{88845A0D-9B1F-4D1A-92D3-0C8D97E4D747}.Debug|Any CPU.Build.0 = Debug|Any CPU
		{88845A0D-9B1F-4D1A-92D3-0C8D97E4D747}.Release|Any CPU.ActiveCfg = Release|Any CPU
		{88845A0D-9B1F-4D1A-92D3-0C8D97E4D747}.Release|Any CPU.Build.0 = Release|Any CPU
		{B1E46368-347B-4787-B663-2E1BDEDAD749}.Debug|Any CPU.ActiveCfg = Debug|Any CPU
		{B1E46368-347B-4787-B663-2E1BDEDAD749}.Debug|Any CPU.Build.0 = Debug|Any CPU
		{B1E46368-347B-4787-B663-2E1BDEDAD749}.Release|Any CPU.ActiveCfg = Release|Any CPU
		{B1E46368-347B-4787-B663-2E1BDEDAD749}.Release|Any CPU.Build.0 = Release|Any CPU
	EndGlobalSection
	GlobalSection(SolutionProperties) = preSolution
		HideSolutionNode = FALSE
	EndGlobalSection
EndGlobal
